
Microsoft Visual Studio Solution File, Format Version 12.00
# Visual Studio Version 17
VisualStudioVersion = 17.8.34316.72
MinimumVisualStudioVersion = 10.0.40219.1
Project("{FAE04EC0-301F-11D3-BF4B-00C04F79EFBC}") = "server_prj", "server_prj.csproj", "{33CC8737-FEA6-4ECC-B6F3-47E1838CA32B}"
EndProject
Global
	GlobalSection(SolutionConfigurationPlatforms) = preSolution
		Debug|Any CPU = Debug|Any CPU
		Release|Any CPU = Release|Any CPU
	EndGlobalSection
	GlobalSection(ProjectConfigurationPlatforms) = postSolution
		{33CC8737-FEA6-4ECC-B6F3-47E1838CA32B}.Debug|Any CPU.ActiveCfg = Debug|Any CPU
		{33CC8737-FEA6-4ECC-B6F3-47E1838CA32B}.Debug|Any CPU.Build.0 = Debug|Any CPU
		{33CC8737-FEA6-4ECC-B6F3-47E1838CA32B}.Release|Any CPU.ActiveCfg = Release|Any CPU
		{33CC8737-FEA6-4ECC-B6F3-47E1838CA32B}.Release|Any CPU.Build.0 = Release|Any CPU
	EndGlobalSection
	GlobalSection(SolutionProperties) = preSolution
		HideSolutionNode = FALSE
	EndGlobalSection
	GlobalSection(ExtensibilityGlobals) = postSolution
		SolutionGuid = {EBF7C099-5E9B-4925-B626-E9A7367D8503}
	EndGlobalSection
EndGlobal
